
Microsoft Visual Studio Solution File, Format Version 12.00
# Visual Studio Version 16
VisualStudioVersion = 16.0.32929.386
MinimumVisualStudioVersion = 10.0.40219.1
Project("{FAE04EC0-301F-11D3-BF4B-00C04F79EFBC}") = "blog", "blog\blog.csproj", "{AFADE9E2-10EC-4F6C-BB88-4107E7D2526B}"
EndProject
Global
	GlobalSection(SolutionConfigurationPlatforms) = preSolution
		Debug|Any CPU = Debug|Any CPU
		Release|Any CPU = Release|Any CPU
	EndGlobalSection
	GlobalSection(ProjectConfigurationPlatforms) = postSolution
		{AFADE9E2-10EC-4F6C-BB88-4107E7D2526B}.Debug|Any CPU.ActiveCfg = Debug|Any CPU
		{AFADE9E2-10EC-4F6C-BB88-4107E7D2526B}.Debug|Any CPU.Build.0 = Debug|Any CPU
		{AFADE9E2-10EC-4F6C-BB88-4107E7D2526B}.Release|Any CPU.ActiveCfg = Release|Any CPU
		{AFADE9E2-10EC-4F6C-BB88-4107E7D2526B}.Release|Any CPU.Build.0 = Release|Any CPU
	EndGlobalSection
	GlobalSection(SolutionProperties) = preSolution
		HideSolutionNode = FALSE
	EndGlobalSection
	GlobalSection(ExtensibilityGlobals) = postSolution
		SolutionGuid = {3FAC24F0-4E8F-4190-8B79-8986153D8711}
	EndGlobalSection
EndGlobal
